PODS:
  - Kanna (5.2.7)
  - MarqueeLabel (4.3.0)
  - QuickTableViewController (1.3.1)
  - SwiftyJSON (4.3.0)
  - youtube-ios-player-helper-swift (1.1)

DEPENDENCIES:
  - Kanna (~> 5.2.2)
  - MarqueeLabel
  - QuickTableViewController
  - SwiftyJSON (~> 4.0)
  - youtube-ios-player-helper-swift

SPEC REPOS:
  trunk:
    - Kanna
    - MarqueeLabel
    - QuickTableViewController
    - SwiftyJSON
    - youtube-ios-player-helper-swift

SPEC CHECKSUMS:
  Kanna: 01cfbddc127f5ff0963692f285fcbc8a9d62d234
  MarqueeLabel: 02f5ac8fd6877c94564556cb93fa86c70c08baeb
  QuickTableViewController: 25e698de1546c2b829c543d91b64ebc6e884acfc
  SwiftyJSON: 6faa0040f8b59dead0ee07436cbf76b73c08fd08
  youtube-ios-player-helper-swift: 51a3c5325317c8271d0c7985c1bbe5a252ffb2fd

PODFILE CHECKSUM: 0d8da0f291b8d0cd52a42fa713e9b320c0d72bf1

COCOAPODS: 1.11.2
